
Microsoft Visual Studio Solution File, Format Version 12.00
# Visual Studio Version 17
VisualStudioVersion = 17.4.33205.214
MinimumVisualStudioVersion = 10.0.40219.1
Project("{FAE04EC0-301F-11D3-BF4B-00C04F79EFBC}") = "SGE", "SGE.csproj", "{0B88234A-E267-4E1C-B9ED-22B4A2357351}"
EndProject
Global
	GlobalSection(SolutionConfigurationPlatforms) = preSolution
		Debug|Any CPU = Debug|Any CPU
		Release|Any CPU = Release|Any CPU
	EndGlobalSection
	GlobalSection(ProjectConfigurationPlatforms) = postSolution
		{0B88234A-E267-4E1C-B9ED-22B4A2357351}.Debug|Any CPU.ActiveCfg = Debug|Any CPU
		{0B88234A-E267-4E1C-B9ED-22B4A2357351}.Debug|Any CPU.Build.0 = Debug|Any CPU
		{0B88234A-E267-4E1C-B9ED-22B4A2357351}.Release|Any CPU.ActiveCfg = Release|Any CPU
		{0B88234A-E267-4E1C-B9ED-22B4A2357351}.Release|Any CPU.Build.0 = Release|Any CPU
	EndGlobalSection
	GlobalSection(SolutionProperties) = preSolution
		HideSolutionNode = FALSE
	EndGlobalSection
	GlobalSection(ExtensibilityGlobals) = postSolution
		SolutionGuid = {19DBCAC2-1D48-4A43-9882-0B3E8411B524}
	EndGlobalSection
EndGlobal
